// !$*UTF8*$!
{
	archiveVersion = 1;
	classes = {
	};
	objectVersion = 46;
	objects = {

/* Begin PBXBuildFile section */
		A01A384C1C46170B002D4549 /* AppDelegate.swift in Sources */ = {isa = PBXBuildFile; fileRef = A01A384B1C46170B002D4549 /* AppDelegate.swift */; };
		A01A384E1C46170B002D4549 /* ViewController.swift in Sources */ = {isa = PBXBuildFile; fileRef = A01A384D1C46170B002D4549 /* ViewController.swift */; };
		A01A38511C46170B002D4549 /* Main.storyboard in Resources */ = {isa = PBXBuildFile; fileRef = A01A384F1C46170B002D4549 /* Main.storyboard */; };
		A01A38541C46170B002D4549 /* CoreDataDemo.xcdatamodeld in Sources */ = {isa = PBXBuildFile; fileRef = A01A38521C46170B002D4549 /* CoreDataDemo.xcdatamodeld */; };
		A01A38561C46170B002D4549 /* Assets.xcassets in Resources */ = {isa = PBXBuildFile; fileRef = A01A38551C46170B002D4549 /* Assets.xcassets */; };
		A01A38591C46170B002D4549 /* LaunchScreen.storyboard in Resources */ = {isa = PBXBuildFile; fileRef = A01A38571C46170B002D4549 /* LaunchScreen.storyboard */; };
		A01A38621C46180F002D4549 /* Contact+CoreDataProperties.swift in Sources */ = {isa = PBXBuildFile; fileRef = A01A38601C46180F002D4549 /* Contact+CoreDataProperties.swift */; };
		A01A38631C46180F002D4549 /* Contact.swift in Sources */ = {isa = PBXBuildFile; fileRef = A01A38611C46180F002D4549 /* Contact.swift */; };
		A01A38651C462007002D4549 /* jCell.swift in Sources */ = {isa = PBXBuildFile; fileRef = A01A38641C462007002D4549 /* jCell.swift */; };
/* End PBXBuildFile section */

/* Begin PBXFileReference section */
		A01A38481C46170B002D4549 /* CoreDataDemo.app */ = {isa = PBXFileReference; explicitFileType = wrapper.application; includeInIndex = 0; path = CoreDataDemo.app; sourceTree = BUILT_PRODUCTS_DIR; };
		A01A384B1C46170B002D4549 /* AppDelegate.swift */ = {isa = PBXFileReference; lastKnownFileType = sourcecode.swift; path = AppDelegate.swift; sourceTree = "<group>"; };
		A01A384D1C46170B002D4549 /* ViewController.swift */ = {isa = PBXFileReference; lastKnownFileType = sourcecode.swift; path = ViewController.swift; sourceTree = "<group>"; };
		A01A38501C46170B002D4549 /* Base */ = {isa = PBXFileReference; lastKnownFileType = file.storyboard; name = Base; path = Base.lproj/Main.storyboard; sourceTree = "<group>"; };
		A01A38531C46170B002D4549 /* CoreDataDemo.xcdatamodel */ = {isa = PBXFileReference; lastKnownFileType = wrapper.xcdatamodel; path = CoreDataDemo.xcdatamodel; sourceTree = "<group>"; };
		A01A38551C46170B002D4549 /* Assets.xcassets */ = {isa = PBXFileReference; lastKnownFileType = folder.assetcatalog; path = Assets.xcassets; sourceTree = "<group>"; };
		A01A38581C46170B002D4549 /* Base */ = {isa = PBXFileReference; lastKnownFileType = file.storyboard; name = Base; path = Base.lproj/LaunchScreen.storyboard; sourceTree = "<group>"; };
		A01A385A1C46170B002D4549 /* Info.plist */ = {isa = PBXFileReference; lastKnownFileType = text.plist.xml; path = Info.plist; sourceTree = "<group>"; };
		A01A38601C46180F002D4549 /* Contact+CoreDataProperties.swift */ = {isa = PBXFileReference; fileEncoding = 4; lastKnownFileType = sourcecode.swift; path = "Contact+CoreDataProperties.swift"; sourceTree = "<group>"; };
		A01A38611C46180F002D4549 /* Contact.swift */ = {isa = PBXFileReference; fileEncoding = 4; lastKnownFileType = sourcecode.swift; path = Contact.swift; sourceTree = "<group>"; };
		A01A38641C462007002D4549 /* jCell.swift */ = {isa = PBXFileReference; fileEncoding = 4; lastKnownFileType = sourcecode.swift; path = jCell.swift; sourceTree = "<group>"; };
/* End PBXFileReference section */

/* Begin PBXFrameworksBuildPhase section */
		A01A38451C46170B002D4549 /* Frameworks */ = {
			isa = PBXFrameworksBuildPhase;
			buildActionMask = 2147483647;
			files = (
			);
			runOnlyForDeploymentPostprocessing = 0;
		};
/* End PBXFrameworksBuildPhase section */

/* Begin PBXGroup section */
		A01A383F1C46170B002D4549 = {
			isa = PBXGroup;
			children = (
				A01A38601C46180F002D4549 /* Contact+CoreDataProperties.swift */,
				A01A38611C46180F002D4549 /* Contact.swift */,
				A01A384A1C46170B002D4549 /* CoreDataDemo */,
				A01A38491C46170B002D4549 /* Products */,
			);
			sourceTree = "<group>";
		};
		A01A38491C46170B002D4549 /* Products */ = {
			isa = PBXGroup;
			children = (
				A01A38481C46170B002D4549 /* CoreDataDemo.app */,
			);
			name = Products;
			sourceTree = "<group>";
		};
		A01A384A1C46170B002D4549 /* CoreDataDemo */ = {
			isa = PBXGroup;
			children = (
				A01A384B1C46170B002D4549 /* AppDelegate.swift */,
				A01A38641C462007002D4549 /* jCell.swift */,
				A01A384D1C46170B002D4549 /* ViewController.swift */,
				A01A384F1C46170B002D4549 /* Main.storyboard */,
				A01A38551C46170B002D4549 /* Assets.xcassets */,
				A01A38571C46170B002D4549 /* LaunchScreen.storyboard */,
				A01A385A1C46170B002D4549 /* Info.plist */,
				A01A38521C46170B002D4549 /* CoreDataDemo.xcdatamodeld */,
			);
			path = CoreDataDemo;
			sourceTree = "<group>";
		};
/* End PBXGroup section */

/* Begin PBXNativeTarget section */
		A01A38471C46170B002D4549 /* CoreDataDemo */ = {
			isa = PBXNativeTarget;
			buildConfigurationList = A01A385D1C46170B002D4549 /* Build configuration list for PBXNativeTarget "CoreDataDemo" */;
			buildPhases = (
				A01A38441C46170B002D4549 /* Sources */,
				A01A38451C46170B002D4549 /* Frameworks */,
				A01A38461C46170B002D4549 /* Resources */,
			);
			buildRules = (
			);
			dependencies = (
			);
			name = CoreDataDemo;
			productName = CoreDataDemo;
			productReference = A01A38481C46170B002D4549 /* CoreDataDemo.app */;
			productType = "com.apple.product-type.application";
		};
/* End PBXNativeTarget section */

/* Begin PBXProject section */
		A01A38401C46170B002D4549 /* Project object */ = {
			isa = PBXProject;
			attributes = {
				LastSwiftUpdateCheck = 0720;
				LastUpgradeCheck = 0720;
				ORGANIZATIONNAME = ratnakala;
				TargetAttributes = {
					A01A38471C46170B002D4549 = {
						CreatedOnToolsVersion = 7.2;
					};
				};
			};
			buildConfigurationList = A01A38431C46170B002D4549 /* Build configuration list for PBXProject "CoreDataDemo" */;
			compatibilityVersion = "Xcode 3.2";
			developmentRegion = English;
			hasScannedForEncodings = 0;
			knownRegions = (
				en,
				Base,
			);
			mainGroup = A01A383F1C46170B002D4549;
			productRefGroup = A01A38491C46170B002D4549 /* Products */;
			projectDirPath = "";
			projectRoot = "";
			targets = (
				A01A38471C46170B002D4549 /* CoreDataDemo */,
			);
		};
/* End PBXProject section */

/* Begin PBXResourcesBuildPhase section */
		A01A38461C46170B002D4549 /* Resources */ = {
			isa = PBXResourcesBuildPhase;
			buildActionMask = 2147483647;
			files = (
				A01A38591C46170B002D4549 /* LaunchScreen.storyboard in Resources */,
				A01A38561C46170B002D4549 /* Assets.xcassets in Resources */,
				A01A38511C46170B002D4549 /* Main.storyboard in Resources */,
			);
			runOnlyForDeploymentPostprocessing = 0;
		};
/* End PBXResourcesBuildPhase section */

/* Begin PBXSourcesBuildPhase section */
		A01A38441C46170B002D4549 /* Sources */ = {
			isa = PBXSourcesBuildPhase;
			buildActionMask = 2147483647;
			files = (
				A01A38651C462007002D4549 /* jCell.swift in Sources */,
				A01A38621C46180F002D4549 /* Contact+CoreDataProperties.swift in Sources */,
				A01A384E1C46170B002D4549 /* ViewController.swift in Sources */,
				A01A38631C46180F002D4549 /* Contact.swift in Sources */,
				A01A38541C46170B002D4549 /* CoreDataDemo.xcdatamodeld in Sources */,
				A01A384C1C46170B002D4549 /* AppDelegate.swift in Sources */,
			);
			runOnlyForDeploymentPostprocessing = 0;
		};
/* End PBXSourcesBuildPhase section */

/* Begin PBXVariantGroup section */
		A01A384F1C46170B002D4549 /* Main.storyboard */ = {
			isa = PBXVariantGroup;
			children = (
				A01A38501C46170B002D4549 /* Base */,
			);
			name = Main.storyboard;
			sourceTree = "<group>";
		};
		A01A38571C46170B002D4549 /* LaunchScreen.storyboard */ = {
			isa = PBXVariantGroup;
			children = (
				A01A38581C46170B002D4549 /* Base */,
			);
			name = LaunchScreen.storyboard;
			sourceTree = "<group>";
		};
/* End PBXVariantGroup section */

/* Begin XCBuildConfiguration section */
		A01A385B1C46170B002D4549 /* Debug */ = {
			isa = XCBuildConfiguration;
			buildSettings = {
				ALWAYS_SEARCH_USER_PATHS = NO;
				CLANG_CXX_LANGUAGE_STANDARD = "gnu++0x";
				CLANG_CXX_LIBRARY = "libc++";
				CLANG_ENABLE_MODULES = YES;
				CLANG_ENABLE_OBJC_ARC = YES;
				CLANG_WARN_BOOL_CONVERSION = YES;
				CLANG_WARN_CONSTANT_CONVERSION = YES;
				CLANG_WARN_DIRECT_OBJC_ISA_USAGE = YES_ERROR;
				CLANG_WARN_EMPTY_BODY = YES;
				CLANG_WARN_ENUM_CONVERSION = YES;
				CLANG_WARN_INT_CONVERSION = YES;
				CLANG_WARN_OBJC_ROOT_CLASS = YES_ERROR;
				CLANG_WARN_UNREACHABLE_CODE = YES;
				CLANG_WARN__DUPLICATE_METHOD_MATCH = YES;
				"CODE_SIGN_IDENTITY[sdk=iphoneos*]" = "iPhone Developer";
				COPY_PHASE_STRIP = NO;
				DEBUG_INFORMATION_FORMAT = dwarf;
				ENABLE_STRICT_OBJC_MSGSEND = YES;
				ENABLE_TESTABILITY = YES;
				GCC_C_LANGUAGE_STANDARD = gnu99;
				GCC_DYNAMIC_NO_PIC = NO;
				GCC_NO_COMMON_BLOCKS = YES;
				GCC_OPTIMIZATION_LEVEL = 0;
				GCC_PREPROCESSOR_DEFINITIONS = (
					"DEBUG=1",
					"$(inherited)",
				);
				GCC_WARN_64_TO_32_BIT_CONVERSION = YES;
				GCC_WARN_ABOUT_RETURN_TYPE = YES_ERROR;
				GCC_WARN_UNDECLARED_SELECTOR = YES;
				GCC_WARN_UNINITIALIZED_AUTOS = YES_AGGRESSIVE;
				GCC_WARN_UNUSED_FUNCTION = YES;
				GCC_WARN_UNUSED_VARIABLE = YES;
				IPHONEOS_DEPLOYMENT_TARGET = 9.2;
				MTL_ENABLE_DEBUG_INFO = YES;
				ONLY_ACTIVE_ARCH = YES;
				SDKROOT = iphoneos;
				SWIFT_OPTIMIZATION_LEVEL = "-Onone";
			};
			name = Debug;
		};
		A01A385C1C46170B002D4549 /* Release */ = {
			isa = XCBuildConfiguration;
			buildSettings = {
				ALWAYS_SEARCH_USER_PATHS = NO;
				CLANG_CXX_LANGUAGE_STANDARD = "gnu++0x";
				CLANG_CXX_LIBRARY = "libc++";
				CLANG_ENABLE_MODULES = YES;
				CLANG_ENABLE_OBJC_ARC = YES;
				CLANG_WARN_BOOL_CONVERSION = YES;
				CLANG_WARN_CONSTANT_CONVERSION = YES;
				CLANG_WARN_DIRECT_OBJC_ISA_USAGE = YES_ERROR;
				CLANG_WARN_EMPTY_BODY = YES;
				CLANG_WARN_ENUM_CONVERSION = YES;
				CLANG_WARN_INT_CONVERSION = YES;
				CLANG_WARN_OBJC_ROOT_CLASS = YES_ERROR;
				CLANG_WARN_UNREACHABLE_CODE = YES;
				CLANG_WARN__DUPLICATE_METHOD_MATCH = YES;
				"CODE_SIGN_IDENTITY[sdk=iphoneos*]" = "iPhone Developer";
				COPY_PHASE_STRIP = NO;
				DEBUG_INFORMATION_FORMAT = "dwarf-with-dsym";
				ENABLE_NS_ASSERTIONS = NO;
				ENABLE_STRICT_OBJC_MSGSEND = YES;
				GCC_C_LANGUAGE_STANDARD = gnu99;
				GCC_NO_COMMON_BLOCKS = YES;
				GCC_WARN_64_TO_32_BIT_CONVERSION = YES;
				GCC_WARN_ABOUT_RETURN_TYPE = YES_ERROR;
				GCC_WARN_UNDECLARED_SELECTOR = YES;
				GCC_WARN_UNINITIALIZED_AUTOS = YES_AGGRESSIVE;
				GCC_WARN_UNUSED_FUNCTION = YES;
				GCC_WARN_UNUSED_VARIABLE = YES;
				IPHONEOS_DEPLOYMENT_TARGET = 9.2;
				MTL_ENABLE_DEBUG_INFO = NO;
				SDKROOT = iphoneos;
				VALIDATE_PRODUCT = YES;
			};
			name = Release;
		};
		A01A385E1C46170B002D4549 /* Debug */ = {
			isa = XCBuildConfiguration;
			buildSettings = {
				ASSETCATALOG_COMPILER_APPICON_NAME = AppIcon;
				INFOPLIST_FILE = CoreDataDemo/Info.plist;
				LD_RUNPATH_SEARCH_PATHS = "$(inherited) @executable_path/Frameworks";
				PRODUCT_BUNDLE_IDENTIFIER = com.ratnakala.CoreDataDemo;
				PRODUCT_NAME = "$(TARGET_NAME)";
			};
			name = Debug;
		};
		A01A385F1C46170B002D4549 /* Release */ = {
			isa = XCBuildConfiguration;
			buildSettings = {
				ASSETCATALOG_COMPILER_APPICON_NAME = AppIcon;
				INFOPLIST_FILE = CoreDataDemo/Info.plist;
				LD_RUNPATH_SEARCH_PATHS = "$(inherited) @executable_path/Frameworks";
				PRODUCT_BUNDLE_IDENTIFIER = com.ratnakala.CoreDataDemo;
				PRODUCT_NAME = "$(TARGET_NAME)";
			};
			name = Release;
		};
/* End XCBuildConfiguration section */

/* Begin XCConfigurationList section */
		A01A38431C46170B002D4549 /* Build configuration list for PBXProject "CoreDataDemo" */ = {
			isa = XCConfigurationList;
			buildConfigurations = (
				A01A385B1C46170B002D4549 /* Debug */,
				A01A385C1C46170B002D4549 /* Release */,
			);
			defaultConfigurationIsVisible = 0;
			defaultConfigurationName = Release;
		};
		A01A385D1C46170B002D4549 /* Build configuration list for PBXNativeTarget "CoreDataDemo" */ = {
			isa = XCConfigurationList;
			buildConfigurations = (
				A01A385E1C46170B002D4549 /* Debug */,
				A01A385F1C46170B002D4549 /* Release */,
			);
			defaultConfigurationIsVisible = 0;
		};
/* End XCConfigurationList section */

/* Begin XCVersionGroup section */
		A01A38521C46170B002D4549 /* CoreDataDemo.xcdatamodeld */ = {
			isa = XCVersionGroup;
			children = (
				A01A38531C46170B002D4549 /* CoreDataDemo.xcdatamodel */,
			);
			currentVersion = A01A38531C46170B002D4549 /* CoreDataDemo.xcdatamodel */;
			path = CoreDataDemo.xcdatamodeld;
			sourceTree = "<group>";
			versionGroupType = wrapper.xcdatamodel;
		};
/* End XCVersionGroup section */
	};
	rootObject = A01A38401C46170B002D4549 /* Project object */;
}
